
Microsoft Visual Studio Solution File, Format Version 12.00
# Visual Studio Version 17
VisualStudioVersion = 17.11.35312.102
MinimumVisualStudioVersion = 10.0.40219.1
Project("{FAE04EC0-301F-11D3-BF4B-00C04F79EFBC}") = "SmartPortalApp", "SmartPortalApp\SmartPortalApp.csproj", "{9FD967EC-E39B-44F3-A2C1-440FBF47F2D2}"
EndProject
Global
	GlobalSection(SolutionConfigurationPlatforms) = preSolution
		Debug|Any CPU = Debug|Any CPU
		Release|Any CPU = Release|Any CPU
	EndGlobalSection
	GlobalSection(ProjectConfigurationPlatforms) = postSolution
		{9FD967EC-E39B-44F3-A2C1-440FBF47F2D2}.Debug|Any CPU.ActiveCfg = Debug|Any CPU
		{9FD967EC-E39B-44F3-A2C1-440FBF47F2D2}.Debug|Any CPU.Build.0 = Debug|Any CPU
		{9FD967EC-E39B-44F3-A2C1-440FBF47F2D2}.Release|Any CPU.ActiveCfg = Release|Any CPU
		{9FD967EC-E39B-44F3-A2C1-440FBF47F2D2}.Release|Any CPU.Build.0 = Release|Any CPU
	EndGlobalSection
	GlobalSection(SolutionProperties) = preSolution
		HideSolutionNode = FALSE
	EndGlobalSection
	GlobalSection(ExtensibilityGlobals) = postSolution
		SolutionGuid = {FF7A07AB-6639-4E0B-9915-F60264EFF2EF}
	EndGlobalSection
EndGlobal
